
Microsoft Visual Studio Solution File, Format Version 12.00
# Visual Studio 15
Project("{FAE04EC0-301F-11D3-BF4B-00C04F79EFBC}") = "Assembly-CSharp-firstpass", "Assembly-CSharp-firstpass.csproj", "{42D1AD2A-393F-FFB2-585E-B9849161501C}"
EndProject
Project("{FAE04EC0-301F-11D3-BF4B-00C04F79EFBC}") = "Assembly-CSharp", "Assembly-CSharp.csproj", "{75156626-9504-E450-2EDD-CD5DF75EF5EC}"
EndProject
Project("{FAE04EC0-301F-11D3-BF4B-00C04F79EFBC}") = "Assembly-CSharp-Editor-firstpass", "Assembly-CSharp-Editor-firstpass.csproj", "{AA277925-43C3-B035-5C6B-EA2A166DCA1C}"
EndProject
Global
	GlobalSection(SolutionConfigurationPlatforms) = preSolution
		Debug|Any CPU = Debug|Any CPU
		Release|Any CPU = Release|Any CPU
	EndGlobalSection
	GlobalSection(ProjectConfigurationPlatforms) = postSolution
		{42D1AD2A-393F-FFB2-585E-B9849161501C}.Debug|Any CPU.ActiveCfg = Debug|Any CPU
		{42D1AD2A-393F-FFB2-585E-B9849161501C}.Debug|Any CPU.Build.0 = Debug|Any CPU
		{42D1AD2A-393F-FFB2-585E-B9849161501C}.Release|Any CPU.ActiveCfg = Release|Any CPU
		{42D1AD2A-393F-FFB2-585E-B9849161501C}.Release|Any CPU.Build.0 = Release|Any CPU
		{75156626-9504-E450-2EDD-CD5DF75EF5EC}.Debug|Any CPU.ActiveCfg = Debug|Any CPU
		{75156626-9504-E450-2EDD-CD5DF75EF5EC}.Debug|Any CPU.Build.0 = Debug|Any CPU
		{75156626-9504-E450-2EDD-CD5DF75EF5EC}.Release|Any CPU.ActiveCfg = Release|Any CPU
		{75156626-9504-E450-2EDD-CD5DF75EF5EC}.Release|Any CPU.Build.0 = Release|Any CPU
		{AA277925-43C3-B035-5C6B-EA2A166DCA1C}.Debug|Any CPU.ActiveCfg = Debug|Any CPU
		{AA277925-43C3-B035-5C6B-EA2A166DCA1C}.Debug|Any CPU.Build.0 = Debug|Any CPU
		{AA277925-43C3-B035-5C6B-EA2A166DCA1C}.Release|Any CPU.ActiveCfg = Release|Any CPU
		{AA277925-43C3-B035-5C6B-EA2A166DCA1C}.Release|Any CPU.Build.0 = Release|Any CPU
	EndGlobalSection
	GlobalSection(SolutionProperties) = preSolution
		HideSolutionNode = FALSE
	EndGlobalSection
EndGlobal
